
Microsoft Visual Studio Solution File, Format Version 12.00
# Visual Studio Version 17
VisualStudioVersion = 17.10.34928.147
MinimumVisualStudioVersion = 10.0.40219.1
Project("{FAE04EC0-301F-11D3-BF4B-00C04F79EFBC}") = "PAM - Batalha naval", "PAM - Batalha naval\PAM - Batalha naval.csproj", "{3415AE51-5BF4-4653-928D-B596F821C3C8}"
EndProject
Global
	GlobalSection(SolutionConfigurationPlatforms) = preSolution
		Debug|Any CPU = Debug|Any CPU
		Release|Any CPU = Release|Any CPU
	EndGlobalSection
	GlobalSection(ProjectConfigurationPlatforms) = postSolution
		{3415AE51-5BF4-4653-928D-B596F821C3C8}.Debug|Any CPU.ActiveCfg = Debug|Any CPU
		{3415AE51-5BF4-4653-928D-B596F821C3C8}.Debug|Any CPU.Build.0 = Debug|Any CPU
		{3415AE51-5BF4-4653-928D-B596F821C3C8}.Debug|Any CPU.Deploy.0 = Debug|Any CPU
		{3415AE51-5BF4-4653-928D-B596F821C3C8}.Release|Any CPU.ActiveCfg = Release|Any CPU
		{3415AE51-5BF4-4653-928D-B596F821C3C8}.Release|Any CPU.Build.0 = Release|Any CPU
		{3415AE51-5BF4-4653-928D-B596F821C3C8}.Release|Any CPU.Deploy.0 = Release|Any CPU
	EndGlobalSection
	GlobalSection(SolutionProperties) = preSolution
		HideSolutionNode = FALSE
	EndGlobalSection
	GlobalSection(ExtensibilityGlobals) = postSolution
		SolutionGuid = {708AC364-DD8D-4D83-ABD2-505A3A911470}
	EndGlobalSection
EndGlobal
